
Microsoft Visual Studio Solution File, Format Version 12.00
# Visual Studio 15
VisualStudioVersion = 15.0.27004.2006
MinimumVisualStudioVersion = 10.0.40219.1
Project("{FAE04EC0-301F-11D3-BF4B-00C04F79EFBC}") = "Home sell", "Home sell\Home sell.csproj", "{243626D5-9EF5-4326-ADB1-6DFAEC49AD2F}"
EndProject
Global
	GlobalSection(SolutionConfigurationPlatforms) = preSolution
		Debug|Any CPU = Debug|Any CPU
		Release|Any CPU = Release|Any CPU
	EndGlobalSection
	GlobalSection(ProjectConfigurationPlatforms) = postSolution
		{243626D5-9EF5-4326-ADB1-6DFAEC49AD2F}.Debug|Any CPU.ActiveCfg = Debug|Any CPU
		{243626D5-9EF5-4326-ADB1-6DFAEC49AD2F}.Debug|Any CPU.Build.0 = Debug|Any CPU
		{243626D5-9EF5-4326-ADB1-6DFAEC49AD2F}.Release|Any CPU.ActiveCfg = Release|Any CPU
		{243626D5-9EF5-4326-ADB1-6DFAEC49AD2F}.Release|Any CPU.Build.0 = Release|Any CPU
	EndGlobalSection
	GlobalSection(SolutionProperties) = preSolution
		HideSolutionNode = FALSE
	EndGlobalSection
	GlobalSection(ExtensibilityGlobals) = postSolution
		SolutionGuid = {62E9C269-9247-4C6F-9698-43631592A90B}
	EndGlobalSection
EndGlobal
